// !$*UTF8*$!
{
	archiveVersion = 1;
	classes = {
	};
	objectVersion = 50;
	objects = {

/* Begin PBXBuildFile section */
		21F7B7B02477E386004B9B7C /* AppDelegate.swift in Sources */ = {isa = PBXBuildFile; fileRef = 21F7B7AF2477E386004B9B7C /* AppDelegate.swift */; };
		21F7B7B22477E386004B9B7C /* SceneDelegate.swift in Sources */ = {isa = PBXBuildFile; fileRef = 21F7B7B12477E386004B9B7C /* SceneDelegate.swift */; };
		21F7B7B42477E386004B9B7C /* ViewController.swift in Sources */ = {isa = PBXBuildFile; fileRef = 21F7B7B32477E386004B9B7C /* ViewController.swift */; };
		21F7B7B72477E386004B9B7C /* Main.storyboard in Resources */ = {isa = PBXBuildFile; fileRef = 21F7B7B52477E386004B9B7C /* Main.storyboard */; };
		21F7B7B92477E38B004B9B7C /* Assets.xcassets in Resources */ = {isa = PBXBuildFile; fileRef = 21F7B7B82477E38B004B9B7C /* Assets.xcassets */; };
		21F7B7BC2477E38B004B9B7C /* LaunchScreen.storyboard in Resources */ = {isa = PBXBuildFile; fileRef = 21F7B7BA2477E38B004B9B7C /* LaunchScreen.storyboard */; };
		21F7B7CE2477E3F5004B9B7C /* nssl0049.jpg in Resources */ = {isa = PBXBuildFile; fileRef = 21F7B7C42477E3F5004B9B7C /* nssl0049.jpg */; };
		21F7B7CF2477E3F5004B9B7C /* nssl0046.jpg in Resources */ = {isa = PBXBuildFile; fileRef = 21F7B7C52477E3F5004B9B7C /* nssl0046.jpg */; };
		21F7B7D02477E3F5004B9B7C /* nssl0091.jpg in Resources */ = {isa = PBXBuildFile; fileRef = 21F7B7C62477E3F5004B9B7C /* nssl0091.jpg */; };
		21F7B7D12477E3F5004B9B7C /* nssl0045.jpg in Resources */ = {isa = PBXBuildFile; fileRef = 21F7B7C72477E3F5004B9B7C /* nssl0045.jpg */; };
		21F7B7D22477E3F5004B9B7C /* nssl0051.jpg in Resources */ = {isa = PBXBuildFile; fileRef = 21F7B7C82477E3F5004B9B7C /* nssl0051.jpg */; };
		21F7B7D32477E3F5004B9B7C /* nssl0041.jpg in Resources */ = {isa = PBXBuildFile; fileRef = 21F7B7C92477E3F5004B9B7C /* nssl0041.jpg */; };
		21F7B7D42477E3F5004B9B7C /* nssl0042.jpg in Resources */ = {isa = PBXBuildFile; fileRef = 21F7B7CA2477E3F5004B9B7C /* nssl0042.jpg */; };
		21F7B7D52477E3F5004B9B7C /* nssl0043.jpg in Resources */ = {isa = PBXBuildFile; fileRef = 21F7B7CB2477E3F5004B9B7C /* nssl0043.jpg */; };
		21F7B7D62477E3F5004B9B7C /* nssl0033.jpg in Resources */ = {isa = PBXBuildFile; fileRef = 21F7B7CC2477E3F5004B9B7C /* nssl0033.jpg */; };
		21F7B7D72477E3F5004B9B7C /* nssl0034.jpg in Resources */ = {isa = PBXBuildFile; fileRef = 21F7B7CD2477E3F5004B9B7C /* nssl0034.jpg */; };
/* End PBXBuildFile section */

/* Begin PBXFileReference section */
		21F7B7AC2477E386004B9B7C /* HWS-Classic-Project01-StormViewer.app */ = {isa = PBXFileReference; explicitFileType = wrapper.application; includeInIndex = 0; path = "HWS-Classic-Project01-StormViewer.app"; sourceTree = BUILT_PRODUCTS_DIR; };
		21F7B7AF2477E386004B9B7C /* AppDelegate.swift */ = {isa = PBXFileReference; lastKnownFileType = sourcecode.swift; path = AppDelegate.swift; sourceTree = "<group>"; };
		21F7B7B12477E386004B9B7C /* SceneDelegate.swift */ = {isa = PBXFileReference; lastKnownFileType = sourcecode.swift; path = SceneDelegate.swift; sourceTree = "<group>"; };
		21F7B7B32477E386004B9B7C /* ViewController.swift */ = {isa = PBXFileReference; lastKnownFileType = sourcecode.swift; path = ViewController.swift; sourceTree = "<group>"; };
		21F7B7B62477E386004B9B7C /* Base */ = {isa = PBXFileReference; lastKnownFileType = file.storyboard; name = Base; path = Base.lproj/Main.storyboard; sourceTree = "<group>"; };
		21F7B7B82477E38B004B9B7C /* Assets.xcassets */ = {isa = PBXFileReference; lastKnownFileType = folder.assetcatalog; path = Assets.xcassets; sourceTree = "<group>"; };
		21F7B7BB2477E38B004B9B7C /* Base */ = {isa = PBXFileReference; lastKnownFileType = file.storyboard; name = Base; path = Base.lproj/LaunchScreen.storyboard; sourceTree = "<group>"; };
		21F7B7BD2477E38B004B9B7C /* Info.plist */ = {isa = PBXFileReference; lastKnownFileType = text.plist.xml; path = Info.plist; sourceTree = "<group>"; };
		21F7B7C42477E3F5004B9B7C /* nssl0049.jpg */ = {isa = PBXFileReference; lastKnownFileType = image.jpeg; path = nssl0049.jpg; sourceTree = "<group>"; };
		21F7B7C52477E3F5004B9B7C /* nssl0046.jpg */ = {isa = PBXFileReference; lastKnownFileType = image.jpeg; path = nssl0046.jpg; sourceTree = "<group>"; };
		21F7B7C62477E3F5004B9B7C /* nssl0091.jpg */ = {isa = PBXFileReference; lastKnownFileType = image.jpeg; path = nssl0091.jpg; sourceTree = "<group>"; };
		21F7B7C72477E3F5004B9B7C /* nssl0045.jpg */ = {isa = PBXFileReference; lastKnownFileType = image.jpeg; path = nssl0045.jpg; sourceTree = "<group>"; };
		21F7B7C82477E3F5004B9B7C /* nssl0051.jpg */ = {isa = PBXFileReference; lastKnownFileType = image.jpeg; path = nssl0051.jpg; sourceTree = "<group>"; };
		21F7B7C92477E3F5004B9B7C /* nssl0041.jpg */ = {isa = PBXFileReference; lastKnownFileType = image.jpeg; path = nssl0041.jpg; sourceTree = "<group>"; };
		21F7B7CA2477E3F5004B9B7C /* nssl0042.jpg */ = {isa = PBXFileReference; lastKnownFileType = image.jpeg; path = nssl0042.jpg; sourceTree = "<group>"; };
		21F7B7CB2477E3F5004B9B7C /* nssl0043.jpg */ = {isa = PBXFileReference; lastKnownFileType = image.jpeg; path = nssl0043.jpg; sourceTree = "<group>"; };
		21F7B7CC2477E3F5004B9B7C /* nssl0033.jpg */ = {isa = PBXFileReference; lastKnownFileType = image.jpeg; path = nssl0033.jpg; sourceTree = "<group>"; };
		21F7B7CD2477E3F5004B9B7C /* nssl0034.jpg */ = {isa = PBXFileReference; lastKnownFileType = image.jpeg; path = nssl0034.jpg; sourceTree = "<group>"; };
/* End PBXFileReference section */

/* Begin PBXFrameworksBuildPhase section */
		21F7B7A92477E386004B9B7C /* Frameworks */ = {
			isa = PBXFrameworksBuildPhase;
			buildActionMask = 2147483647;
			files = (
			);
			runOnlyForDeploymentPostprocessing = 0;
		};
/* End PBXFrameworksBuildPhase section */

/* Begin PBXGroup section */
		21F7B7A32477E385004B9B7C = {
			isa = PBXGroup;
			children = (
				21F7B7AE2477E386004B9B7C /* HWS-Classic-Project01-StormViewer */,
				21F7B7AD2477E386004B9B7C /* Products */,
			);
			sourceTree = "<group>";
		};
		21F7B7AD2477E386004B9B7C /* Products */ = {
			isa = PBXGroup;
			children = (
				21F7B7AC2477E386004B9B7C /* HWS-Classic-Project01-StormViewer.app */,
			);
			name = Products;
			sourceTree = "<group>";
		};
		21F7B7AE2477E386004B9B7C /* HWS-Classic-Project01-StormViewer */ = {
			isa = PBXGroup;
			children = (
				21F7B7C32477E3F5004B9B7C /* Content */,
				21F7B7AF2477E386004B9B7C /* AppDelegate.swift */,
				21F7B7B12477E386004B9B7C /* SceneDelegate.swift */,
				21F7B7B32477E386004B9B7C /* ViewController.swift */,
				21F7B7B52477E386004B9B7C /* Main.storyboard */,
				21F7B7B82477E38B004B9B7C /* Assets.xcassets */,
				21F7B7BA2477E38B004B9B7C /* LaunchScreen.storyboard */,
				21F7B7BD2477E38B004B9B7C /* Info.plist */,
			);
			path = "HWS-Classic-Project01-StormViewer";
			sourceTree = "<group>";
		};
		21F7B7C32477E3F5004B9B7C /* Content */ = {
			isa = PBXGroup;
			children = (
				21F7B7C42477E3F5004B9B7C /* nssl0049.jpg */,
				21F7B7C52477E3F5004B9B7C /* nssl0046.jpg */,
				21F7B7C62477E3F5004B9B7C /* nssl0091.jpg */,
				21F7B7C72477E3F5004B9B7C /* nssl0045.jpg */,
				21F7B7C82477E3F5004B9B7C /* nssl0051.jpg */,
				21F7B7C92477E3F5004B9B7C /* nssl0041.jpg */,
				21F7B7CA2477E3F5004B9B7C /* nssl0042.jpg */,
				21F7B7CB2477E3F5004B9B7C /* nssl0043.jpg */,
				21F7B7CC2477E3F5004B9B7C /* nssl0033.jpg */,
				21F7B7CD2477E3F5004B9B7C /* nssl0034.jpg */,
			);
			path = Content;
			sourceTree = "<group>";
		};
/* End PBXGroup section */

/* Begin PBXNativeTarget section */
		21F7B7AB2477E386004B9B7C /* HWS-Classic-Project01-StormViewer */ = {
			isa = PBXNativeTarget;
			buildConfigurationList = 21F7B7C02477E38B004B9B7C /* Build configuration list for PBXNativeTarget "HWS-Classic-Project01-StormViewer" */;
			buildPhases = (
				21F7B7A82477E386004B9B7C /* Sources */,
				21F7B7A92477E386004B9B7C /* Frameworks */,
				21F7B7AA2477E386004B9B7C /* Resources */,
			);
			buildRules = (
			);
			dependencies = (
			);
			name = "HWS-Classic-Project01-StormViewer";
			productName = "HWS-Classic-Project01-StormViewer";
			productReference = 21F7B7AC2477E386004B9B7C /* HWS-Classic-Project01-StormViewer.app */;
			productType = "com.apple.product-type.application";
		};
/* End PBXNativeTarget section */

/* Begin PBXProject section */
		21F7B7A42477E385004B9B7C /* Project object */ = {
			isa = PBXProject;
			attributes = {
				LastSwiftUpdateCheck = 1140;
				LastUpgradeCheck = 1140;
				ORGANIZATIONNAME = "Glenn Drescher";
				TargetAttributes = {
					21F7B7AB2477E386004B9B7C = {
						CreatedOnToolsVersion = 11.4.1;
					};
				};
			};
			buildConfigurationList = 21F7B7A72477E385004B9B7C /* Build configuration list for PBXProject "HWS-Classic-Project01-StormViewer" */;
			compatibilityVersion = "Xcode 9.3";
			developmentRegion = en;
			hasScannedForEncodings = 0;
			knownRegions = (
				en,
				Base,
			);
			mainGroup = 21F7B7A32477E385004B9B7C;
			productRefGroup = 21F7B7AD2477E386004B9B7C /* Products */;
			projectDirPath = "";
			projectRoot = "";
			targets = (
				21F7B7AB2477E386004B9B7C /* HWS-Classic-Project01-StormViewer */,
			);
		};
/* End PBXProject section */

/* Begin PBXResourcesBuildPhase section */
		21F7B7AA2477E386004B9B7C /* Resources */ = {
			isa = PBXResourcesBuildPhase;
			buildActionMask = 2147483647;
			files = (
				21F7B7CF2477E3F5004B9B7C /* nssl0046.jpg in Resources */,
				21F7B7D62477E3F5004B9B7C /* nssl0033.jpg in Resources */,
				21F7B7D22477E3F5004B9B7C /* nssl0051.jpg in Resources */,
				21F7B7D02477E3F5004B9B7C /* nssl0091.jpg in Resources */,
				21F7B7D52477E3F5004B9B7C /* nssl0043.jpg in Resources */,
				21F7B7D72477E3F5004B9B7C /* nssl0034.jpg in Resources */,
				21F7B7CE2477E3F5004B9B7C /* nssl0049.jpg in Resources */,
				21F7B7D32477E3F5004B9B7C /* nssl0041.jpg in Resources */,
				21F7B7D42477E3F5004B9B7C /* nssl0042.jpg in Resources */,
				21F7B7BC2477E38B004B9B7C /* LaunchScreen.storyboard in Resources */,
				21F7B7B92477E38B004B9B7C /* Assets.xcassets in Resources */,
				21F7B7D12477E3F5004B9B7C /* nssl0045.jpg in Resources */,
				21F7B7B72477E386004B9B7C /* Main.storyboard in Resources */,
			);
			runOnlyForDeploymentPostprocessing = 0;
		};
/* End PBXResourcesBuildPhase section */

/* Begin PBXSourcesBuildPhase section */
		21F7B7A82477E386004B9B7C /* Sources */ = {
			isa = PBXSourcesBuildPhase;
			buildActionMask = 2147483647;
			files = (
				21F7B7B42477E386004B9B7C /* ViewController.swift in Sources */,
				21F7B7B02477E386004B9B7C /* AppDelegate.swift in Sources */,
				21F7B7B22477E386004B9B7C /* SceneDelegate.swift in Sources */,
			);
			runOnlyForDeploymentPostprocessing = 0;
		};
/* End PBXSourcesBuildPhase section */

/* Begin PBXVariantGroup section */
		21F7B7B52477E386004B9B7C /* Main.storyboard */ = {
			isa = PBXVariantGroup;
			children = (
				21F7B7B62477E386004B9B7C /* Base */,
			);
			name = Main.storyboard;
			sourceTree = "<group>";
		};
		21F7B7BA2477E38B004B9B7C /* LaunchScreen.storyboard */ = {
			isa = PBXVariantGroup;
			children = (
				21F7B7BB2477E38B004B9B7C /* Base */,
			);
			name = LaunchScreen.storyboard;
			sourceTree = "<group>";
		};
/* End PBXVariantGroup section */

/* Begin XCBuildConfiguration section */
		21F7B7BE2477E38B004B9B7C /* Debug */ = {
			isa = XCBuildConfiguration;
			buildSettings = {
				ALWAYS_SEARCH_USER_PATHS = NO;
				CLANG_ANALYZER_NONNULL = YES;
				CLANG_ANALYZER_NUMBER_OBJECT_CONVERSION = YES_AGGRESSIVE;
				CLANG_CXX_LANGUAGE_STANDARD = "gnu++14";
				CLANG_CXX_LIBRARY = "libc++";
				CLANG_ENABLE_MODULES = YES;
				CLANG_ENABLE_OBJC_ARC = YES;
				CLANG_ENABLE_OBJC_WEAK = YES;
				CLANG_WARN_BLOCK_CAPTURE_AUTORELEASING = YES;
				CLANG_WARN_BOOL_CONVERSION = YES;
				CLANG_WARN_COMMA = YES;
				CLANG_WARN_CONSTANT_CONVERSION = YES;
				CLANG_WARN_DEPRECATED_OBJC_IMPLEMENTATIONS = YES;
				CLANG_WARN_DIRECT_OBJC_ISA_USAGE = YES_ERROR;
				CLANG_WARN_DOCUMENTATION_COMMENTS = YES;
				CLANG_WARN_EMPTY_BODY = YES;
				CLANG_WARN_ENUM_CONVERSION = YES;
				CLANG_WARN_INFINITE_RECURSION = YES;
				CLANG_WARN_INT_CONVERSION = YES;
				CLANG_WARN_NON_LITERAL_NULL_CONVERSION = YES;
				CLANG_WARN_OBJC_IMPLICIT_RETAIN_SELF = YES;
				CLANG_WARN_OBJC_LITERAL_CONVERSION = YES;
				CLANG_WARN_OBJC_ROOT_CLASS = YES_ERROR;
				CLANG_WARN_RANGE_LOOP_ANALYSIS = YES;
				CLANG_WARN_STRICT_PROTOTYPES = YES;
				CLANG_WARN_SUSPICIOUS_MOVE = YES;
				CLANG_WARN_UNGUARDED_AVAILABILITY = YES_AGGRESSIVE;
				CLANG_WARN_UNREACHABLE_CODE = YES;
				CLANG_WARN__DUPLICATE_METHOD_MATCH = YES;
				COPY_PHASE_STRIP = NO;
				DEBUG_INFORMATION_FORMAT = dwarf;
				ENABLE_STRICT_OBJC_MSGSEND = YES;
				ENABLE_TESTABILITY = YES;
				GCC_C_LANGUAGE_STANDARD = gnu11;
				GCC_DYNAMIC_NO_PIC = NO;
				GCC_NO_COMMON_BLOCKS = YES;
				GCC_OPTIMIZATION_LEVEL = 0;
				GCC_PREPROCESSOR_DEFINITIONS = (
					"DEBUG=1",
					"$(inherited)",
				);
				GCC_WARN_64_TO_32_BIT_CONVERSION = YES;
				GCC_WARN_ABOUT_RETURN_TYPE = YES_ERROR;
				GCC_WARN_UNDECLARED_SELECTOR = YES;
				GCC_WARN_UNINITIALIZED_AUTOS = YES_AGGRESSIVE;
				GCC_WARN_UNUSED_FUNCTION = YES;
				GCC_WARN_UNUSED_VARIABLE = YES;
				IPHONEOS_DEPLOYMENT_TARGET = 13.4;
				MTL_ENABLE_DEBUG_INFO = INCLUDE_SOURCE;
				MTL_FAST_MATH = YES;
				ONLY_ACTIVE_ARCH = YES;
				SDKROOT = iphoneos;
				SWIFT_ACTIVE_COMPILATION_CONDITIONS = DEBUG;
				SWIFT_OPTIMIZATION_LEVEL = "-Onone";
			};
			name = Debug;
		};
		21F7B7BF2477E38B004B9B7C /* Release */ = {
			isa = XCBuildConfiguration;
			buildSettings = {
				ALWAYS_SEARCH_USER_PATHS = NO;
				CLANG_ANALYZER_NONNULL = YES;
				CLANG_ANALYZER_NUMBER_OBJECT_CONVERSION = YES_AGGRESSIVE;
				CLANG_CXX_LANGUAGE_STANDARD = "gnu++14";
				CLANG_CXX_LIBRARY = "libc++";
				CLANG_ENABLE_MODULES = YES;
				CLANG_ENABLE_OBJC_ARC = YES;
				CLANG_ENABLE_OBJC_WEAK = YES;
				CLANG_WARN_BLOCK_CAPTURE_AUTORELEASING = YES;
				CLANG_WARN_BOOL_CONVERSION = YES;
				CLANG_WARN_COMMA = YES;
				CLANG_WARN_CONSTANT_CONVERSION = YES;
				CLANG_WARN_DEPRECATED_OBJC_IMPLEMENTATIONS = YES;
				CLANG_WARN_DIRECT_OBJC_ISA_USAGE = YES_ERROR;
				CLANG_WARN_DOCUMENTATION_COMMENTS = YES;
				CLANG_WARN_EMPTY_BODY = YES;
				CLANG_WARN_ENUM_CONVERSION = YES;
				CLANG_WARN_INFINITE_RECURSION = YES;
				CLANG_WARN_INT_CONVERSION = YES;
				CLANG_WARN_NON_LITERAL_NULL_CONVERSION = YES;
				CLANG_WARN_OBJC_IMPLICIT_RETAIN_SELF = YES;
				CLANG_WARN_OBJC_LITERAL_CONVERSION = YES;
				CLANG_WARN_OBJC_ROOT_CLASS = YES_ERROR;
				CLANG_WARN_RANGE_LOOP_ANALYSIS = YES;
				CLANG_WARN_STRICT_PROTOTYPES = YES;
				CLANG_WARN_SUSPICIOUS_MOVE = YES;
				CLANG_WARN_UNGUARDED_AVAILABILITY = YES_AGGRESSIVE;
				CLANG_WARN_UNREACHABLE_CODE = YES;
				CLANG_WARN__DUPLICATE_METHOD_MATCH = YES;
				COPY_PHASE_STRIP = NO;
				DEBUG_INFORMATION_FORMAT = "dwarf-with-dsym";
				ENABLE_NS_ASSERTIONS = NO;
				ENABLE_STRICT_OBJC_MSGSEND = YES;
				GCC_C_LANGUAGE_STANDARD = gnu11;
				GCC_NO_COMMON_BLOCKS = YES;
				GCC_WARN_64_TO_32_BIT_CONVERSION = YES;
				GCC_WARN_ABOUT_RETURN_TYPE = YES_ERROR;
				GCC_WARN_UNDECLARED_SELECTOR = YES;
				GCC_WARN_UNINITIALIZED_AUTOS = YES_AGGRESSIVE;
				GCC_WARN_UNUSED_FUNCTION = YES;
				GCC_WARN_UNUSED_VARIABLE = YES;
				IPHONEOS_DEPLOYMENT_TARGET = 13.4;
				MTL_ENABLE_DEBUG_INFO = NO;
				MTL_FAST_MATH = YES;
				SDKROOT = iphoneos;
				SWIFT_COMPILATION_MODE = wholemodule;
				SWIFT_OPTIMIZATION_LEVEL = "-O";
				VALIDATE_PRODUCT = YES;
			};
			name = Release;
		};
		21F7B7C12477E38B004B9B7C /* Debug */ = {
			isa = XCBuildConfiguration;
			buildSettings = {
				ASSETCATALOG_COMPILER_APPICON_NAME = AppIcon;
				CODE_SIGN_STYLE = Automatic;
				DEVELOPMENT_TEAM = FBVK276RNH;
				INFOPLIST_FILE = "HWS-Classic-Project01-StormViewer/Info.plist";
				LD_RUNPATH_SEARCH_PATHS = (
					"$(inherited)",
					"@executable_path/Frameworks",
				);
				PRODUCT_BUNDLE_IDENTIFIER = "run.GDev.HWS-Classic-Project01-StormViewer";
				PRODUCT_NAME = "$(TARGET_NAME)";
				SWIFT_VERSION = 5.0;
				TARGETED_DEVICE_FAMILY = "1,2";
			};
			name = Debug;
		};
		21F7B7C22477E38B004B9B7C /* Release */ = {
			isa = XCBuildConfiguration;
			buildSettings = {
				ASSETCATALOG_COMPILER_APPICON_NAME = AppIcon;
				CODE_SIGN_STYLE = Automatic;
				DEVELOPMENT_TEAM = FBVK276RNH;
				INFOPLIST_FILE = "HWS-Classic-Project01-StormViewer/Info.plist";
				LD_RUNPATH_SEARCH_PATHS = (
					"$(inherited)",
					"@executable_path/Frameworks",
				);
				PRODUCT_BUNDLE_IDENTIFIER = "run.GDev.HWS-Classic-Project01-StormViewer";
				PRODUCT_NAME = "$(TARGET_NAME)";
				SWIFT_VERSION = 5.0;
				TARGETED_DEVICE_FAMILY = "1,2";
			};
			name = Release;
		};
/* End XCBuildConfiguration section */

/* Begin XCConfigurationList section */
		21F7B7A72477E385004B9B7C /* Build configuration list for PBXProject "HWS-Classic-Project01-StormViewer" */ = {
			isa = XCConfigurationList;
			buildConfigurations = (
				21F7B7BE2477E38B004B9B7C /* Debug */,
				21F7B7BF2477E38B004B9B7C /* Release */,
			);
			defaultConfigurationIsVisible = 0;
			defaultConfigurationName = Release;
		};
		21F7B7C02477E38B004B9B7C /* Build configuration list for PBXNativeTarget "HWS-Classic-Project01-StormViewer" */ = {
			isa = XCConfigurationList;
			buildConfigurations = (
				21F7B7C12477E38B004B9B7C /* Debug */,
				21F7B7C22477E38B004B9B7C /* Release */,
			);
			defaultConfigurationIsVisible = 0;
			defaultConfigurationName = Release;
		};
/* End XCConfigurationList section */
	};
	rootObject = 21F7B7A42477E385004B9B7C /* Project object */;
}
